
Microsoft Visual Studio Solution File, Format Version 12.00
# Visual Studio Version 17
VisualStudioVersion = 17.8.34316.72
MinimumVisualStudioVersion = 10.0.40219.1
Project("{9A19103F-16F7-4668-BE54-9A1E7A4F7556}") = "WFInterface", "WFInterface.csproj", "{431E1EC9-DA1E-4C8A-B74B-0BC4C6DA969B}"
EndProject
Project("{2150E333-8FDC-42A3-9474-1A3956D46DE8}") = "Solution Items", "Solution Items", "{E7C87B4F-F603-4C0E-9639-625F65DA9A85}"
	ProjectSection(SolutionItems) = preProject
		User.cs = User.cs
	EndProjectSection
EndProject
Global
	GlobalSection(SolutionConfigurationPlatforms) = preSolution
		Debug|Any CPU = Debug|Any CPU
		Release|Any CPU = Release|Any CPU
	EndGlobalSection
	GlobalSection(ProjectConfigurationPlatforms) = postSolution
		{431E1EC9-DA1E-4C8A-B74B-0BC4C6DA969B}.Debug|Any CPU.ActiveCfg = Debug|Any CPU
		{431E1EC9-DA1E-4C8A-B74B-0BC4C6DA969B}.Debug|Any CPU.Build.0 = Debug|Any CPU
		{431E1EC9-DA1E-4C8A-B74B-0BC4C6DA969B}.Release|Any CPU.ActiveCfg = Release|Any CPU
		{431E1EC9-DA1E-4C8A-B74B-0BC4C6DA969B}.Release|Any CPU.Build.0 = Release|Any CPU
	EndGlobalSection
	GlobalSection(SolutionProperties) = preSolution
		HideSolutionNode = FALSE
	EndGlobalSection
	GlobalSection(ExtensibilityGlobals) = postSolution
		SolutionGuid = {E9DF7365-6800-4BC9-A83E-985CDF788D21}
	EndGlobalSection
EndGlobal
